// !$*UTF8*$!
{
	archiveVersion = 1;
	classes = {
	};
	objectVersion = 50;
	objects = {

/* Begin PBXBuildFile section */
		784258FE63AD6322CB5D61DD /* Pods_Flickr.framework in Frameworks */ = {isa = PBXBuildFile; fileRef = 5635DAD85DEE6BC43CA0F769 /* Pods_Flickr.framework */; };
		F5283897222FDA7800B9B44D /* AppDelegate.swift in Sources */ = {isa = PBXBuildFile; fileRef = F5283896222FDA7800B9B44D /* AppDelegate.swift */; };
		F5283899222FDA7800B9B44D /* ViewController.swift in Sources */ = {isa = PBXBuildFile; fileRef = F5283898222FDA7800B9B44D /* ViewController.swift */; };
		F528389C222FDA7800B9B44D /* Main.storyboard in Resources */ = {isa = PBXBuildFile; fileRef = F528389A222FDA7800B9B44D /* Main.storyboard */; };
		F528389E222FDA7A00B9B44D /* Assets.xcassets in Resources */ = {isa = PBXBuildFile; fileRef = F528389D222FDA7A00B9B44D /* Assets.xcassets */; };
		F52838A1222FDA7A00B9B44D /* LaunchScreen.storyboard in Resources */ = {isa = PBXBuildFile; fileRef = F528389F222FDA7A00B9B44D /* LaunchScreen.storyboard */; };
		F580ED2622312B4100A3A003 /* DetailViewController.swift in Sources */ = {isa = PBXBuildFile; fileRef = F580ED2522312B4100A3A003 /* DetailViewController.swift */; };
		F59C5C0B2230474200E60E6A /* InfoCollectionViewCell.swift in Sources */ = {isa = PBXBuildFile; fileRef = F59C5C0A2230474200E60E6A /* InfoCollectionViewCell.swift */; };
		F59C5C0E223048B700E60E6A /* FlickrService.swift in Sources */ = {isa = PBXBuildFile; fileRef = F59C5C0D223048B700E60E6A /* FlickrService.swift */; };
		F59C5C102230499600E60E6A /* Photos.swift in Sources */ = {isa = PBXBuildFile; fileRef = F59C5C0F2230499600E60E6A /* Photos.swift */; };
/* End PBXBuildFile section */

/* Begin PBXFileReference section */
		418DEC6F0BEF28774B4A6703 /* Pods-Flickr.debug.xcconfig */ = {isa = PBXFileReference; includeInIndex = 1; lastKnownFileType = text.xcconfig; name = "Pods-Flickr.debug.xcconfig"; path = "Pods/Target Support Files/Pods-Flickr/Pods-Flickr.debug.xcconfig"; sourceTree = "<group>"; };
		5635DAD85DEE6BC43CA0F769 /* Pods_Flickr.framework */ = {isa = PBXFileReference; explicitFileType = wrapper.framework; includeInIndex = 0; path = Pods_Flickr.framework; sourceTree = BUILT_PRODUCTS_DIR; };
		F5283893222FDA7800B9B44D /* Flickr.app */ = {isa = PBXFileReference; explicitFileType = wrapper.application; includeInIndex = 0; path = Flickr.app; sourceTree = BUILT_PRODUCTS_DIR; };
		F5283896222FDA7800B9B44D /* AppDelegate.swift */ = {isa = PBXFileReference; lastKnownFileType = sourcecode.swift; path = AppDelegate.swift; sourceTree = "<group>"; };
		F5283898222FDA7800B9B44D /* ViewController.swift */ = {isa = PBXFileReference; lastKnownFileType = sourcecode.swift; path = ViewController.swift; sourceTree = "<group>"; };
		F528389B222FDA7800B9B44D /* Base */ = {isa = PBXFileReference; lastKnownFileType = file.storyboard; name = Base; path = Base.lproj/Main.storyboard; sourceTree = "<group>"; };
		F528389D222FDA7A00B9B44D /* Assets.xcassets */ = {isa = PBXFileReference; lastKnownFileType = folder.assetcatalog; path = Assets.xcassets; sourceTree = "<group>"; };
		F52838A0222FDA7A00B9B44D /* Base */ = {isa = PBXFileReference; lastKnownFileType = file.storyboard; name = Base; path = Base.lproj/LaunchScreen.storyboard; sourceTree = "<group>"; };
		F52838A2222FDA7A00B9B44D /* Info.plist */ = {isa = PBXFileReference; lastKnownFileType = text.plist.xml; path = Info.plist; sourceTree = "<group>"; };
		F580ED2522312B4100A3A003 /* DetailViewController.swift */ = {isa = PBXFileReference; lastKnownFileType = sourcecode.swift; path = DetailViewController.swift; sourceTree = "<group>"; };
		F59C5C0A2230474200E60E6A /* InfoCollectionViewCell.swift */ = {isa = PBXFileReference; lastKnownFileType = sourcecode.swift; path = InfoCollectionViewCell.swift; sourceTree = "<group>"; };
		F59C5C0D223048B700E60E6A /* FlickrService.swift */ = {isa = PBXFileReference; lastKnownFileType = sourcecode.swift; path = FlickrService.swift; sourceTree = "<group>"; };
		F59C5C0F2230499600E60E6A /* Photos.swift */ = {isa = PBXFileReference; lastKnownFileType = sourcecode.swift; path = Photos.swift; sourceTree = "<group>"; };
		F86C24F5A35E1E6496D53EC3 /* Pods-Flickr.release.xcconfig */ = {isa = PBXFileReference; includeInIndex = 1; lastKnownFileType = text.xcconfig; name = "Pods-Flickr.release.xcconfig"; path = "Pods/Target Support Files/Pods-Flickr/Pods-Flickr.release.xcconfig"; sourceTree = "<group>"; };
/* End PBXFileReference section */

/* Begin PBXFrameworksBuildPhase section */
		F5283890222FDA7800B9B44D /* Frameworks */ = {
			isa = PBXFrameworksBuildPhase;
			buildActionMask = 2147483647;
			files = (
				784258FE63AD6322CB5D61DD /* Pods_Flickr.framework in Frameworks */,
			);
			runOnlyForDeploymentPostprocessing = 0;
		};
/* End PBXFrameworksBuildPhase section */

/* Begin PBXGroup section */
		10B0104401C116E17419E119 /* Pods */ = {
			isa = PBXGroup;
			children = (
				418DEC6F0BEF28774B4A6703 /* Pods-Flickr.debug.xcconfig */,
				F86C24F5A35E1E6496D53EC3 /* Pods-Flickr.release.xcconfig */,
			);
			name = Pods;
			sourceTree = "<group>";
		};
		657090E33F552FC139E6313A /* Frameworks */ = {
			isa = PBXGroup;
			children = (
				5635DAD85DEE6BC43CA0F769 /* Pods_Flickr.framework */,
			);
			name = Frameworks;
			sourceTree = "<group>";
		};
		F528388A222FDA7800B9B44D = {
			isa = PBXGroup;
			children = (
				F5283895222FDA7800B9B44D /* Flickr */,
				F5283894222FDA7800B9B44D /* Products */,
				10B0104401C116E17419E119 /* Pods */,
				657090E33F552FC139E6313A /* Frameworks */,
			);
			sourceTree = "<group>";
		};
		F5283894222FDA7800B9B44D /* Products */ = {
			isa = PBXGroup;
			children = (
				F5283893222FDA7800B9B44D /* Flickr.app */,
			);
			name = Products;
			sourceTree = "<group>";
		};
		F5283895222FDA7800B9B44D /* Flickr */ = {
			isa = PBXGroup;
			children = (
				F59C5C0C2230489000E60E6A /* Networking */,
				F52838AB222FDAE100B9B44D /* Source */,
				F52838AA222FDAD900B9B44D /* Model */,
				F52838A9222FDAD200B9B44D /* View */,
				F52838A8222FDACB00B9B44D /* Controller */,
				F528389A222FDA7800B9B44D /* Main.storyboard */,
				F52838A2222FDA7A00B9B44D /* Info.plist */,
			);
			path = Flickr;
			sourceTree = "<group>";
		};
		F52838A8222FDACB00B9B44D /* Controller */ = {
			isa = PBXGroup;
			children = (
				F5283898222FDA7800B9B44D /* ViewController.swift */,
				F580ED2522312B4100A3A003 /* DetailViewController.swift */,
			);
			path = Controller;
			sourceTree = "<group>";
		};
		F52838A9222FDAD200B9B44D /* View */ = {
			isa = PBXGroup;
			children = (
				F59C5C0A2230474200E60E6A /* InfoCollectionViewCell.swift */,
			);
			path = View;
			sourceTree = "<group>";
		};
		F52838AA222FDAD900B9B44D /* Model */ = {
			isa = PBXGroup;
			children = (
				F59C5C0F2230499600E60E6A /* Photos.swift */,
			);
			path = Model;
			sourceTree = "<group>";
		};
		F52838AB222FDAE100B9B44D /* Source */ = {
			isa = PBXGroup;
			children = (
				F528389F222FDA7A00B9B44D /* LaunchScreen.storyboard */,
				F528389D222FDA7A00B9B44D /* Assets.xcassets */,
				F5283896222FDA7800B9B44D /* AppDelegate.swift */,
			);
			path = Source;
			sourceTree = "<group>";
		};
		F59C5C0C2230489000E60E6A /* Networking */ = {
			isa = PBXGroup;
			children = (
				F59C5C0D223048B700E60E6A /* FlickrService.swift */,
			);
			path = Networking;
			sourceTree = "<group>";
		};
/* End PBXGroup section */

/* Begin PBXNativeTarget section */
		F5283892222FDA7800B9B44D /* Flickr */ = {
			isa = PBXNativeTarget;
			buildConfigurationList = F52838A5222FDA7A00B9B44D /* Build configuration list for PBXNativeTarget "Flickr" */;
			buildPhases = (
				F4F0559768616624FAFFD1F7 /* [CP] Check Pods Manifest.lock */,
				F528388F222FDA7800B9B44D /* Sources */,
				F5283890222FDA7800B9B44D /* Frameworks */,
				F5283891222FDA7800B9B44D /* Resources */,
				AC06854F9F48BBD3963FC673 /* [CP] Embed Pods Frameworks */,
			);
			buildRules = (
			);
			dependencies = (
			);
			name = Flickr;
			productName = Flickr;
			productReference = F5283893222FDA7800B9B44D /* Flickr.app */;
			productType = "com.apple.product-type.application";
		};
/* End PBXNativeTarget section */

/* Begin PBXProject section */
		F528388B222FDA7800B9B44D /* Project object */ = {
			isa = PBXProject;
			attributes = {
				LastSwiftUpdateCheck = 1010;
				LastUpgradeCheck = 1010;
				ORGANIZATIONNAME = "Nurzhigit Smailov";
				TargetAttributes = {
					F5283892222FDA7800B9B44D = {
						CreatedOnToolsVersion = 10.1;
					};
				};
			};
			buildConfigurationList = F528388E222FDA7800B9B44D /* Build configuration list for PBXProject "Flickr" */;
			compatibilityVersion = "Xcode 9.3";
			developmentRegion = en;
			hasScannedForEncodings = 0;
			knownRegions = (
				en,
				Base,
			);
			mainGroup = F528388A222FDA7800B9B44D;
			productRefGroup = F5283894222FDA7800B9B44D /* Products */;
			projectDirPath = "";
			projectRoot = "";
			targets = (
				F5283892222FDA7800B9B44D /* Flickr */,
			);
		};
/* End PBXProject section */

/* Begin PBXResourcesBuildPhase section */
		F5283891222FDA7800B9B44D /* Resources */ = {
			isa = PBXResourcesBuildPhase;
			buildActionMask = 2147483647;
			files = (
				F52838A1222FDA7A00B9B44D /* LaunchScreen.storyboard in Resources */,
				F528389E222FDA7A00B9B44D /* Assets.xcassets in Resources */,
				F528389C222FDA7800B9B44D /* Main.storyboard in Resources */,
			);
			runOnlyForDeploymentPostprocessing = 0;
		};
/* End PBXResourcesBuildPhase section */

/* Begin PBXShellScriptBuildPhase section */
		AC06854F9F48BBD3963FC673 /* [CP] Embed Pods Frameworks */ = {
			isa = PBXShellScriptBuildPhase;
			buildActionMask = 2147483647;
			files = (
			);
			inputFileListPaths = (
			);
			inputPaths = (
				"${SRCROOT}/Pods/Target Support Files/Pods-Flickr/Pods-Flickr-frameworks.sh",
				"${BUILT_PRODUCTS_DIR}/Alamofire/Alamofire.framework",
				"${BUILT_PRODUCTS_DIR}/SDWebImage/SDWebImage.framework",
				"${BUILT_PRODUCTS_DIR}/SVProgressHUD/SVProgressHUD.framework",
				"${BUILT_PRODUCTS_DIR}/SwiftyJSON/SwiftyJSON.framework",
			);
			name = "[CP] Embed Pods Frameworks";
			outputFileListPaths = (
			);
			outputPaths = (
				"${TARGET_BUILD_DIR}/${FRAMEWORKS_FOLDER_PATH}/Alamofire.framework",
				"${TARGET_BUILD_DIR}/${FRAMEWORKS_FOLDER_PATH}/SDWebImage.framework",
				"${TARGET_BUILD_DIR}/${FRAMEWORKS_FOLDER_PATH}/SVProgressHUD.framework",
				"${TARGET_BUILD_DIR}/${FRAMEWORKS_FOLDER_PATH}/SwiftyJSON.framework",
			);
			runOnlyForDeploymentPostprocessing = 0;
			shellPath = /bin/sh;
			shellScript = "\"${SRCROOT}/Pods/Target Support Files/Pods-Flickr/Pods-Flickr-frameworks.sh\"\n";
			showEnvVarsInLog = 0;
		};
		F4F0559768616624FAFFD1F7 /* [CP] Check Pods Manifest.lock */ = {
			isa = PBXShellScriptBuildPhase;
			buildActionMask = 2147483647;
			files = (
			);
			inputFileListPaths = (
			);
			inputPaths = (
				"${PODS_PODFILE_DIR_PATH}/Podfile.lock",
				"${PODS_ROOT}/Manifest.lock",
			);
			name = "[CP] Check Pods Manifest.lock";
			outputFileListPaths = (
			);
			outputPaths = (
				"$(DERIVED_FILE_DIR)/Pods-Flickr-checkManifestLockResult.txt",
			);
			runOnlyForDeploymentPostprocessing = 0;
			shellPath = /bin/sh;
			shellScript = "diff \"${PODS_PODFILE_DIR_PATH}/Podfile.lock\" \"${PODS_ROOT}/Manifest.lock\" > /dev/null\nif [ $? != 0 ] ; then\n    # print error to STDERR\n    echo \"error: The sandbox is not in sync with the Podfile.lock. Run 'pod install' or update your CocoaPods installation.\" >&2\n    exit 1\nfi\n# This output is used by Xcode 'outputs' to avoid re-running this script phase.\necho \"SUCCESS\" > \"${SCRIPT_OUTPUT_FILE_0}\"\n";
			showEnvVarsInLog = 0;
		};
/* End PBXShellScriptBuildPhase section */

/* Begin PBXSourcesBuildPhase section */
		F528388F222FDA7800B9B44D /* Sources */ = {
			isa = PBXSourcesBuildPhase;
			buildActionMask = 2147483647;
			files = (
				F59C5C0B2230474200E60E6A /* InfoCollectionViewCell.swift in Sources */,
				F5283899222FDA7800B9B44D /* ViewController.swift in Sources */,
				F59C5C0E223048B700E60E6A /* FlickrService.swift in Sources */,
				F580ED2622312B4100A3A003 /* DetailViewController.swift in Sources */,
				F59C5C102230499600E60E6A /* Photos.swift in Sources */,
				F5283897222FDA7800B9B44D /* AppDelegate.swift in Sources */,
			);
			runOnlyForDeploymentPostprocessing = 0;
		};
/* End PBXSourcesBuildPhase section */

/* Begin PBXVariantGroup section */
		F528389A222FDA7800B9B44D /* Main.storyboard */ = {
			isa = PBXVariantGroup;
			children = (
				F528389B222FDA7800B9B44D /* Base */,
			);
			name = Main.storyboard;
			sourceTree = "<group>";
		};
		F528389F222FDA7A00B9B44D /* LaunchScreen.storyboard */ = {
			isa = PBXVariantGroup;
			children = (
				F52838A0222FDA7A00B9B44D /* Base */,
			);
			name = LaunchScreen.storyboard;
			sourceTree = "<group>";
		};
/* End PBXVariantGroup section */

/* Begin XCBuildConfiguration section */
		F52838A3222FDA7A00B9B44D /* Debug */ = {
			isa = XCBuildConfiguration;
			buildSettings = {
				ALWAYS_SEARCH_USER_PATHS = NO;
				CLANG_ANALYZER_NONNULL = YES;
				CLANG_ANALYZER_NUMBER_OBJECT_CONVERSION = YES_AGGRESSIVE;
				CLANG_CXX_LANGUAGE_STANDARD = "gnu++14";
				CLANG_CXX_LIBRARY = "libc++";
				CLANG_ENABLE_MODULES = YES;
				CLANG_ENABLE_OBJC_ARC = YES;
				CLANG_ENABLE_OBJC_WEAK = YES;
				CLANG_WARN_BLOCK_CAPTURE_AUTORELEASING = YES;
				CLANG_WARN_BOOL_CONVERSION = YES;
				CLANG_WARN_COMMA = YES;
				CLANG_WARN_CONSTANT_CONVERSION = YES;
				CLANG_WARN_DEPRECATED_OBJC_IMPLEMENTATIONS = YES;
				CLANG_WARN_DIRECT_OBJC_ISA_USAGE = YES_ERROR;
				CLANG_WARN_DOCUMENTATION_COMMENTS = YES;
				CLANG_WARN_EMPTY_BODY = YES;
				CLANG_WARN_ENUM_CONVERSION = YES;
				CLANG_WARN_INFINITE_RECURSION = YES;
				CLANG_WARN_INT_CONVERSION = YES;
				CLANG_WARN_NON_LITERAL_NULL_CONVERSION = YES;
				CLANG_WARN_OBJC_IMPLICIT_RETAIN_SELF = YES;
				CLANG_WARN_OBJC_LITERAL_CONVERSION = YES;
				CLANG_WARN_OBJC_ROOT_CLASS = YES_ERROR;
				CLANG_WARN_RANGE_LOOP_ANALYSIS = YES;
				CLANG_WARN_STRICT_PROTOTYPES = YES;
				CLANG_WARN_SUSPICIOUS_MOVE = YES;
				CLANG_WARN_UNGUARDED_AVAILABILITY = YES_AGGRESSIVE;
				CLANG_WARN_UNREACHABLE_CODE = YES;
				CLANG_WARN__DUPLICATE_METHOD_MATCH = YES;
				CODE_SIGN_IDENTITY = "iPhone Developer";
				COPY_PHASE_STRIP = NO;
				DEBUG_INFORMATION_FORMAT = dwarf;
				ENABLE_STRICT_OBJC_MSGSEND = YES;
				ENABLE_TESTABILITY = YES;
				GCC_C_LANGUAGE_STANDARD = gnu11;
				GCC_DYNAMIC_NO_PIC = NO;
				GCC_NO_COMMON_BLOCKS = YES;
				GCC_OPTIMIZATION_LEVEL = 0;
				GCC_PREPROCESSOR_DEFINITIONS = (
					"DEBUG=1",
					"$(inherited)",
				);
				GCC_WARN_64_TO_32_BIT_CONVERSION = YES;
				GCC_WARN_ABOUT_RETURN_TYPE = YES_ERROR;
				GCC_WARN_UNDECLARED_SELECTOR = YES;
				GCC_WARN_UNINITIALIZED_AUTOS = YES_AGGRESSIVE;
				GCC_WARN_UNUSED_FUNCTION = YES;
				GCC_WARN_UNUSED_VARIABLE = YES;
				IPHONEOS_DEPLOYMENT_TARGET = 12.1;
				MTL_ENABLE_DEBUG_INFO = INCLUDE_SOURCE;
				MTL_FAST_MATH = YES;
				ONLY_ACTIVE_ARCH = YES;
				SDKROOT = iphoneos;
				SWIFT_ACTIVE_COMPILATION_CONDITIONS = DEBUG;
				SWIFT_OPTIMIZATION_LEVEL = "-Onone";
			};
			name = Debug;
		};
		F52838A4222FDA7A00B9B44D /* Release */ = {
			isa = XCBuildConfiguration;
			buildSettings = {
				ALWAYS_SEARCH_USER_PATHS = NO;
				CLANG_ANALYZER_NONNULL = YES;
				CLANG_ANALYZER_NUMBER_OBJECT_CONVERSION = YES_AGGRESSIVE;
				CLANG_CXX_LANGUAGE_STANDARD = "gnu++14";
				CLANG_CXX_LIBRARY = "libc++";
				CLANG_ENABLE_MODULES = YES;
				CLANG_ENABLE_OBJC_ARC = YES;
				CLANG_ENABLE_OBJC_WEAK = YES;
				CLANG_WARN_BLOCK_CAPTURE_AUTORELEASING = YES;
				CLANG_WARN_BOOL_CONVERSION = YES;
				CLANG_WARN_COMMA = YES;
				CLANG_WARN_CONSTANT_CONVERSION = YES;
				CLANG_WARN_DEPRECATED_OBJC_IMPLEMENTATIONS = YES;
				CLANG_WARN_DIRECT_OBJC_ISA_USAGE = YES_ERROR;
				CLANG_WARN_DOCUMENTATION_COMMENTS = YES;
				CLANG_WARN_EMPTY_BODY = YES;
				CLANG_WARN_ENUM_CONVERSION = YES;
				CLANG_WARN_INFINITE_RECURSION = YES;
				CLANG_WARN_INT_CONVERSION = YES;
				CLANG_WARN_NON_LITERAL_NULL_CONVERSION = YES;
				CLANG_WARN_OBJC_IMPLICIT_RETAIN_SELF = YES;
				CLANG_WARN_OBJC_LITERAL_CONVERSION = YES;
				CLANG_WARN_OBJC_ROOT_CLASS = YES_ERROR;
				CLANG_WARN_RANGE_LOOP_ANALYSIS = YES;
				CLANG_WARN_STRICT_PROTOTYPES = YES;
				CLANG_WARN_SUSPICIOUS_MOVE = YES;
				CLANG_WARN_UNGUARDED_AVAILABILITY = YES_AGGRESSIVE;
				CLANG_WARN_UNREACHABLE_CODE = YES;
				CLANG_WARN__DUPLICATE_METHOD_MATCH = YES;
				CODE_SIGN_IDENTITY = "iPhone Developer";
				COPY_PHASE_STRIP = NO;
				DEBUG_INFORMATION_FORMAT = "dwarf-with-dsym";
				ENABLE_NS_ASSERTIONS = NO;
				ENABLE_STRICT_OBJC_MSGSEND = YES;
				GCC_C_LANGUAGE_STANDARD = gnu11;
				GCC_NO_COMMON_BLOCKS = YES;
				GCC_WARN_64_TO_32_BIT_CONVERSION = YES;
				GCC_WARN_ABOUT_RETURN_TYPE = YES_ERROR;
				GCC_WARN_UNDECLARED_SELECTOR = YES;
				GCC_WARN_UNINITIALIZED_AUTOS = YES_AGGRESSIVE;
				GCC_WARN_UNUSED_FUNCTION = YES;
				GCC_WARN_UNUSED_VARIABLE = YES;
				IPHONEOS_DEPLOYMENT_TARGET = 12.1;
				MTL_ENABLE_DEBUG_INFO = NO;
				MTL_FAST_MATH = YES;
				SDKROOT = iphoneos;
				SWIFT_COMPILATION_MODE = wholemodule;
				SWIFT_OPTIMIZATION_LEVEL = "-O";
				VALIDATE_PRODUCT = YES;
			};
			name = Release;
		};
		F52838A6222FDA7A00B9B44D /* Debug */ = {
			isa = XCBuildConfiguration;
			baseConfigurationReference = 418DEC6F0BEF28774B4A6703 /* Pods-Flickr.debug.xcconfig */;
			buildSettings = {
				ASSETCATALOG_COMPILER_APPICON_NAME = AppIcon;
				CODE_SIGN_STYLE = Automatic;
				DEVELOPMENT_TEAM = 8XD96ZUA34;
				INFOPLIST_FILE = Flickr/Info.plist;
				IPHONEOS_DEPLOYMENT_TARGET = 9.0;
				LD_RUNPATH_SEARCH_PATHS = (
					"$(inherited)",
					"@executable_path/Frameworks",
				);
				PRODUCT_BUNDLE_IDENTIFIER = "nusmailov-gmail.com.Flickr";
				PRODUCT_NAME = "$(TARGET_NAME)";
				SWIFT_VERSION = 4.2;
				TARGETED_DEVICE_FAMILY = "1,2";
			};
			name = Debug;
		};
		F52838A7222FDA7A00B9B44D /* Release */ = {
			isa = XCBuildConfiguration;
			baseConfigurationReference = F86C24F5A35E1E6496D53EC3 /* Pods-Flickr.release.xcconfig */;
			buildSettings = {
				ASSETCATALOG_COMPILER_APPICON_NAME = AppIcon;
				CODE_SIGN_STYLE = Automatic;
				DEVELOPMENT_TEAM = 8XD96ZUA34;
				INFOPLIST_FILE = Flickr/Info.plist;
				IPHONEOS_DEPLOYMENT_TARGET = 9.0;
				LD_RUNPATH_SEARCH_PATHS = (
					"$(inherited)",
					"@executable_path/Frameworks",
				);
				PRODUCT_BUNDLE_IDENTIFIER = "nusmailov-gmail.com.Flickr";
				PRODUCT_NAME = "$(TARGET_NAME)";
				SWIFT_VERSION = 4.2;
				TARGETED_DEVICE_FAMILY = "1,2";
			};
			name = Release;
		};
/* End XCBuildConfiguration section */

/* Begin XCConfigurationList section */
		F528388E222FDA7800B9B44D /* Build configuration list for PBXProject "Flickr" */ = {
			isa = XCConfigurationList;
			buildConfigurations = (
				F52838A3222FDA7A00B9B44D /* Debug */,
				F52838A4222FDA7A00B9B44D /* Release */,
			);
			defaultConfigurationIsVisible = 0;
			defaultConfigurationName = Release;
		};
		F52838A5222FDA7A00B9B44D /* Build configuration list for PBXNativeTarget "Flickr" */ = {
			isa = XCConfigurationList;
			buildConfigurations = (
				F52838A6222FDA7A00B9B44D /* Debug */,
				F52838A7222FDA7A00B9B44D /* Release */,
			);
			defaultConfigurationIsVisible = 0;
			defaultConfigurationName = Release;
		};
/* End XCConfigurationList section */
	};
	rootObject = F528388B222FDA7800B9B44D /* Project object */;
}
