// !$*UTF8*$!
{
	archiveVersion = 1;
	classes = {
	};
	objectVersion = 50;
	objects = {

/* Begin PBXBuildFile section */
		F564D7C22236BB87003844FE /* ContactPresenter.swift in Sources */ = {isa = PBXBuildFile; fileRef = F564D7C12236BB87003844FE /* ContactPresenter.swift */; };
		F564D7C42236C6E0003844FE /* ColorCollectionViewCell.swift in Sources */ = {isa = PBXBuildFile; fileRef = F564D7C32236C6E0003844FE /* ColorCollectionViewCell.swift */; };
		F5A337342227C6DD006CBCAE /* AppDelegate.swift in Sources */ = {isa = PBXBuildFile; fileRef = F5A337332227C6DD006CBCAE /* AppDelegate.swift */; };
		F5A337392227C6DD006CBCAE /* Main.storyboard in Resources */ = {isa = PBXBuildFile; fileRef = F5A337372227C6DD006CBCAE /* Main.storyboard */; };
		F5A3373B2227C6E0006CBCAE /* Assets.xcassets in Resources */ = {isa = PBXBuildFile; fileRef = F5A3373A2227C6E0006CBCAE /* Assets.xcassets */; };
		F5A3373E2227C6E0006CBCAE /* LaunchScreen.storyboard in Resources */ = {isa = PBXBuildFile; fileRef = F5A3373C2227C6E0006CBCAE /* LaunchScreen.storyboard */; };
		F5A337482227C782006CBCAE /* ContactViewController.swift in Sources */ = {isa = PBXBuildFile; fileRef = F5A337472227C782006CBCAE /* ContactViewController.swift */; };
		F5A3374B2227C9D1006CBCAE /* Contact.swift in Sources */ = {isa = PBXBuildFile; fileRef = F5A3374A2227C9D1006CBCAE /* Contact.swift */; };
		F5A3374E2227C9E8006CBCAE /* ContactTableViewCell.swift in Sources */ = {isa = PBXBuildFile; fileRef = F5A3374D2227C9E8006CBCAE /* ContactTableViewCell.swift */; };
		F5A337502227CE5E006CBCAE /* AddContactViewController.swift in Sources */ = {isa = PBXBuildFile; fileRef = F5A3374F2227CE5E006CBCAE /* AddContactViewController.swift */; };
/* End PBXBuildFile section */

/* Begin PBXFileReference section */
		F564D7C12236BB87003844FE /* ContactPresenter.swift */ = {isa = PBXFileReference; lastKnownFileType = sourcecode.swift; path = ContactPresenter.swift; sourceTree = "<group>"; };
		F564D7C32236C6E0003844FE /* ColorCollectionViewCell.swift */ = {isa = PBXFileReference; lastKnownFileType = sourcecode.swift; path = ColorCollectionViewCell.swift; sourceTree = "<group>"; };
		F5A337302227C6DD006CBCAE /* GetContact.app */ = {isa = PBXFileReference; explicitFileType = wrapper.application; includeInIndex = 0; path = GetContact.app; sourceTree = BUILT_PRODUCTS_DIR; };
		F5A337332227C6DD006CBCAE /* AppDelegate.swift */ = {isa = PBXFileReference; lastKnownFileType = sourcecode.swift; path = AppDelegate.swift; sourceTree = "<group>"; };
		F5A337382227C6DD006CBCAE /* Base */ = {isa = PBXFileReference; lastKnownFileType = file.storyboard; name = Base; path = Base.lproj/Main.storyboard; sourceTree = "<group>"; };
		F5A3373A2227C6E0006CBCAE /* Assets.xcassets */ = {isa = PBXFileReference; lastKnownFileType = folder.assetcatalog; path = Assets.xcassets; sourceTree = "<group>"; };
		F5A3373D2227C6E0006CBCAE /* Base */ = {isa = PBXFileReference; lastKnownFileType = file.storyboard; name = Base; path = Base.lproj/LaunchScreen.storyboard; sourceTree = "<group>"; };
		F5A3373F2227C6E0006CBCAE /* Info.plist */ = {isa = PBXFileReference; lastKnownFileType = text.plist.xml; path = Info.plist; sourceTree = "<group>"; };
		F5A337472227C782006CBCAE /* ContactViewController.swift */ = {isa = PBXFileReference; lastKnownFileType = sourcecode.swift; path = ContactViewController.swift; sourceTree = "<group>"; };
		F5A3374A2227C9D1006CBCAE /* Contact.swift */ = {isa = PBXFileReference; lastKnownFileType = sourcecode.swift; path = Contact.swift; sourceTree = "<group>"; };
		F5A3374D2227C9E8006CBCAE /* ContactTableViewCell.swift */ = {isa = PBXFileReference; lastKnownFileType = sourcecode.swift; path = ContactTableViewCell.swift; sourceTree = "<group>"; };
		F5A3374F2227CE5E006CBCAE /* AddContactViewController.swift */ = {isa = PBXFileReference; lastKnownFileType = sourcecode.swift; path = AddContactViewController.swift; sourceTree = "<group>"; };
/* End PBXFileReference section */

/* Begin PBXFrameworksBuildPhase section */
		F5A3372D2227C6DD006CBCAE /* Frameworks */ = {
			isa = PBXFrameworksBuildPhase;
			buildActionMask = 2147483647;
			files = (
			);
			runOnlyForDeploymentPostprocessing = 0;
		};
/* End PBXFrameworksBuildPhase section */

/* Begin PBXGroup section */
		F5A337272227C6DD006CBCAE = {
			isa = PBXGroup;
			children = (
				F5A337322227C6DD006CBCAE /* GetContact */,
				F5A337312227C6DD006CBCAE /* Products */,
			);
			sourceTree = "<group>";
		};
		F5A337312227C6DD006CBCAE /* Products */ = {
			isa = PBXGroup;
			children = (
				F5A337302227C6DD006CBCAE /* GetContact.app */,
			);
			name = Products;
			sourceTree = "<group>";
		};
		F5A337322227C6DD006CBCAE /* GetContact */ = {
			isa = PBXGroup;
			children = (
				F5A3374C2227C9D7006CBCAE /* View */,
				F5A337492227C9BA006CBCAE /* Model */,
				F5A337462227C6F8006CBCAE /* Controller */,
				F5A337452227C6E9006CBCAE /* Source */,
				F5A337372227C6DD006CBCAE /* Main.storyboard */,
				F5A3373F2227C6E0006CBCAE /* Info.plist */,
			);
			path = GetContact;
			sourceTree = "<group>";
		};
		F5A337452227C6E9006CBCAE /* Source */ = {
			isa = PBXGroup;
			children = (
				F5A337332227C6DD006CBCAE /* AppDelegate.swift */,
				F5A3373A2227C6E0006CBCAE /* Assets.xcassets */,
				F5A3373C2227C6E0006CBCAE /* LaunchScreen.storyboard */,
			);
			path = Source;
			sourceTree = "<group>";
		};
		F5A337462227C6F8006CBCAE /* Controller */ = {
			isa = PBXGroup;
			children = (
				F5A337472227C782006CBCAE /* ContactViewController.swift */,
				F5A3374F2227CE5E006CBCAE /* AddContactViewController.swift */,
			);
			path = Controller;
			sourceTree = "<group>";
		};
		F5A337492227C9BA006CBCAE /* Model */ = {
			isa = PBXGroup;
			children = (
				F5A3374A2227C9D1006CBCAE /* Contact.swift */,
				F564D7C12236BB87003844FE /* ContactPresenter.swift */,
			);
			path = Model;
			sourceTree = "<group>";
		};
		F5A3374C2227C9D7006CBCAE /* View */ = {
			isa = PBXGroup;
			children = (
				F5A3374D2227C9E8006CBCAE /* ContactTableViewCell.swift */,
				F564D7C32236C6E0003844FE /* ColorCollectionViewCell.swift */,
			);
			path = View;
			sourceTree = "<group>";
		};
/* End PBXGroup section */

/* Begin PBXNativeTarget section */
		F5A3372F2227C6DD006CBCAE /* GetContact */ = {
			isa = PBXNativeTarget;
			buildConfigurationList = F5A337422227C6E0006CBCAE /* Build configuration list for PBXNativeTarget "GetContact" */;
			buildPhases = (
				F5A3372C2227C6DD006CBCAE /* Sources */,
				F5A3372D2227C6DD006CBCAE /* Frameworks */,
				F5A3372E2227C6DD006CBCAE /* Resources */,
			);
			buildRules = (
			);
			dependencies = (
			);
			name = GetContact;
			productName = GetContact;
			productReference = F5A337302227C6DD006CBCAE /* GetContact.app */;
			productType = "com.apple.product-type.application";
		};
/* End PBXNativeTarget section */

/* Begin PBXProject section */
		F5A337282227C6DD006CBCAE /* Project object */ = {
			isa = PBXProject;
			attributes = {
				LastSwiftUpdateCheck = 1010;
				LastUpgradeCheck = 1010;
				ORGANIZATIONNAME = "Nurzhigit Smailov";
				TargetAttributes = {
					F5A3372F2227C6DD006CBCAE = {
						CreatedOnToolsVersion = 10.1;
					};
				};
			};
			buildConfigurationList = F5A3372B2227C6DD006CBCAE /* Build configuration list for PBXProject "GetContact" */;
			compatibilityVersion = "Xcode 9.3";
			developmentRegion = en;
			hasScannedForEncodings = 0;
			knownRegions = (
				en,
				Base,
			);
			mainGroup = F5A337272227C6DD006CBCAE;
			productRefGroup = F5A337312227C6DD006CBCAE /* Products */;
			projectDirPath = "";
			projectRoot = "";
			targets = (
				F5A3372F2227C6DD006CBCAE /* GetContact */,
			);
		};
/* End PBXProject section */

/* Begin PBXResourcesBuildPhase section */
		F5A3372E2227C6DD006CBCAE /* Resources */ = {
			isa = PBXResourcesBuildPhase;
			buildActionMask = 2147483647;
			files = (
				F5A3373E2227C6E0006CBCAE /* LaunchScreen.storyboard in Resources */,
				F5A3373B2227C6E0006CBCAE /* Assets.xcassets in Resources */,
				F5A337392227C6DD006CBCAE /* Main.storyboard in Resources */,
			);
			runOnlyForDeploymentPostprocessing = 0;
		};
/* End PBXResourcesBuildPhase section */

/* Begin PBXSourcesBuildPhase section */
		F5A3372C2227C6DD006CBCAE /* Sources */ = {
			isa = PBXSourcesBuildPhase;
			buildActionMask = 2147483647;
			files = (
				F5A3374B2227C9D1006CBCAE /* Contact.swift in Sources */,
				F564D7C42236C6E0003844FE /* ColorCollectionViewCell.swift in Sources */,
				F564D7C22236BB87003844FE /* ContactPresenter.swift in Sources */,
				F5A3374E2227C9E8006CBCAE /* ContactTableViewCell.swift in Sources */,
				F5A337502227CE5E006CBCAE /* AddContactViewController.swift in Sources */,
				F5A337342227C6DD006CBCAE /* AppDelegate.swift in Sources */,
				F5A337482227C782006CBCAE /* ContactViewController.swift in Sources */,
			);
			runOnlyForDeploymentPostprocessing = 0;
		};
/* End PBXSourcesBuildPhase section */

/* Begin PBXVariantGroup section */
		F5A337372227C6DD006CBCAE /* Main.storyboard */ = {
			isa = PBXVariantGroup;
			children = (
				F5A337382227C6DD006CBCAE /* Base */,
			);
			name = Main.storyboard;
			sourceTree = "<group>";
		};
		F5A3373C2227C6E0006CBCAE /* LaunchScreen.storyboard */ = {
			isa = PBXVariantGroup;
			children = (
				F5A3373D2227C6E0006CBCAE /* Base */,
			);
			name = LaunchScreen.storyboard;
			sourceTree = "<group>";
		};
/* End PBXVariantGroup section */

/* Begin XCBuildConfiguration section */
		F5A337402227C6E0006CBCAE /* Debug */ = {
			isa = XCBuildConfiguration;
			buildSettings = {
				ALWAYS_SEARCH_USER_PATHS = NO;
				CLANG_ANALYZER_NONNULL = YES;
				CLANG_ANALYZER_NUMBER_OBJECT_CONVERSION = YES_AGGRESSIVE;
				CLANG_CXX_LANGUAGE_STANDARD = "gnu++14";
				CLANG_CXX_LIBRARY = "libc++";
				CLANG_ENABLE_MODULES = YES;
				CLANG_ENABLE_OBJC_ARC = YES;
				CLANG_ENABLE_OBJC_WEAK = YES;
				CLANG_WARN_BLOCK_CAPTURE_AUTORELEASING = YES;
				CLANG_WARN_BOOL_CONVERSION = YES;
				CLANG_WARN_COMMA = YES;
				CLANG_WARN_CONSTANT_CONVERSION = YES;
				CLANG_WARN_DEPRECATED_OBJC_IMPLEMENTATIONS = YES;
				CLANG_WARN_DIRECT_OBJC_ISA_USAGE = YES_ERROR;
				CLANG_WARN_DOCUMENTATION_COMMENTS = YES;
				CLANG_WARN_EMPTY_BODY = YES;
				CLANG_WARN_ENUM_CONVERSION = YES;
				CLANG_WARN_INFINITE_RECURSION = YES;
				CLANG_WARN_INT_CONVERSION = YES;
				CLANG_WARN_NON_LITERAL_NULL_CONVERSION = YES;
				CLANG_WARN_OBJC_IMPLICIT_RETAIN_SELF = YES;
				CLANG_WARN_OBJC_LITERAL_CONVERSION = YES;
				CLANG_WARN_OBJC_ROOT_CLASS = YES_ERROR;
				CLANG_WARN_RANGE_LOOP_ANALYSIS = YES;
				CLANG_WARN_STRICT_PROTOTYPES = YES;
				CLANG_WARN_SUSPICIOUS_MOVE = YES;
				CLANG_WARN_UNGUARDED_AVAILABILITY = YES_AGGRESSIVE;
				CLANG_WARN_UNREACHABLE_CODE = YES;
				CLANG_WARN__DUPLICATE_METHOD_MATCH = YES;
				CODE_SIGN_IDENTITY = "iPhone Developer";
				COPY_PHASE_STRIP = NO;
				DEBUG_INFORMATION_FORMAT = dwarf;
				ENABLE_STRICT_OBJC_MSGSEND = YES;
				ENABLE_TESTABILITY = YES;
				GCC_C_LANGUAGE_STANDARD = gnu11;
				GCC_DYNAMIC_NO_PIC = NO;
				GCC_NO_COMMON_BLOCKS = YES;
				GCC_OPTIMIZATION_LEVEL = 0;
				GCC_PREPROCESSOR_DEFINITIONS = (
					"DEBUG=1",
					"$(inherited)",
				);
				GCC_WARN_64_TO_32_BIT_CONVERSION = YES;
				GCC_WARN_ABOUT_RETURN_TYPE = YES_ERROR;
				GCC_WARN_UNDECLARED_SELECTOR = YES;
				GCC_WARN_UNINITIALIZED_AUTOS = YES_AGGRESSIVE;
				GCC_WARN_UNUSED_FUNCTION = YES;
				GCC_WARN_UNUSED_VARIABLE = YES;
				IPHONEOS_DEPLOYMENT_TARGET = 12.1;
				MTL_ENABLE_DEBUG_INFO = INCLUDE_SOURCE;
				MTL_FAST_MATH = YES;
				ONLY_ACTIVE_ARCH = YES;
				SDKROOT = iphoneos;
				SWIFT_ACTIVE_COMPILATION_CONDITIONS = DEBUG;
				SWIFT_OPTIMIZATION_LEVEL = "-Onone";
			};
			name = Debug;
		};
		F5A337412227C6E0006CBCAE /* Release */ = {
			isa = XCBuildConfiguration;
			buildSettings = {
				ALWAYS_SEARCH_USER_PATHS = NO;
				CLANG_ANALYZER_NONNULL = YES;
				CLANG_ANALYZER_NUMBER_OBJECT_CONVERSION = YES_AGGRESSIVE;
				CLANG_CXX_LANGUAGE_STANDARD = "gnu++14";
				CLANG_CXX_LIBRARY = "libc++";
				CLANG_ENABLE_MODULES = YES;
				CLANG_ENABLE_OBJC_ARC = YES;
				CLANG_ENABLE_OBJC_WEAK = YES;
				CLANG_WARN_BLOCK_CAPTURE_AUTORELEASING = YES;
				CLANG_WARN_BOOL_CONVERSION = YES;
				CLANG_WARN_COMMA = YES;
				CLANG_WARN_CONSTANT_CONVERSION = YES;
				CLANG_WARN_DEPRECATED_OBJC_IMPLEMENTATIONS = YES;
				CLANG_WARN_DIRECT_OBJC_ISA_USAGE = YES_ERROR;
				CLANG_WARN_DOCUMENTATION_COMMENTS = YES;
				CLANG_WARN_EMPTY_BODY = YES;
				CLANG_WARN_ENUM_CONVERSION = YES;
				CLANG_WARN_INFINITE_RECURSION = YES;
				CLANG_WARN_INT_CONVERSION = YES;
				CLANG_WARN_NON_LITERAL_NULL_CONVERSION = YES;
				CLANG_WARN_OBJC_IMPLICIT_RETAIN_SELF = YES;
				CLANG_WARN_OBJC_LITERAL_CONVERSION = YES;
				CLANG_WARN_OBJC_ROOT_CLASS = YES_ERROR;
				CLANG_WARN_RANGE_LOOP_ANALYSIS = YES;
				CLANG_WARN_STRICT_PROTOTYPES = YES;
				CLANG_WARN_SUSPICIOUS_MOVE = YES;
				CLANG_WARN_UNGUARDED_AVAILABILITY = YES_AGGRESSIVE;
				CLANG_WARN_UNREACHABLE_CODE = YES;
				CLANG_WARN__DUPLICATE_METHOD_MATCH = YES;
				CODE_SIGN_IDENTITY = "iPhone Developer";
				COPY_PHASE_STRIP = NO;
				DEBUG_INFORMATION_FORMAT = "dwarf-with-dsym";
				ENABLE_NS_ASSERTIONS = NO;
				ENABLE_STRICT_OBJC_MSGSEND = YES;
				GCC_C_LANGUAGE_STANDARD = gnu11;
				GCC_NO_COMMON_BLOCKS = YES;
				GCC_WARN_64_TO_32_BIT_CONVERSION = YES;
				GCC_WARN_ABOUT_RETURN_TYPE = YES_ERROR;
				GCC_WARN_UNDECLARED_SELECTOR = YES;
				GCC_WARN_UNINITIALIZED_AUTOS = YES_AGGRESSIVE;
				GCC_WARN_UNUSED_FUNCTION = YES;
				GCC_WARN_UNUSED_VARIABLE = YES;
				IPHONEOS_DEPLOYMENT_TARGET = 12.1;
				MTL_ENABLE_DEBUG_INFO = NO;
				MTL_FAST_MATH = YES;
				SDKROOT = iphoneos;
				SWIFT_COMPILATION_MODE = wholemodule;
				SWIFT_OPTIMIZATION_LEVEL = "-O";
				VALIDATE_PRODUCT = YES;
			};
			name = Release;
		};
		F5A337432227C6E0006CBCAE /* Debug */ = {
			isa = XCBuildConfiguration;
			buildSettings = {
				ASSETCATALOG_COMPILER_APPICON_NAME = AppIcon;
				CODE_SIGN_STYLE = Automatic;
				DEVELOPMENT_TEAM = 8XD96ZUA34;
				INFOPLIST_FILE = GetContact/Info.plist;
				LD_RUNPATH_SEARCH_PATHS = (
					"$(inherited)",
					"@executable_path/Frameworks",
				);
				PRODUCT_BUNDLE_IDENTIFIER = "nusmailov-gmail.com.GetContact";
				PRODUCT_NAME = "$(TARGET_NAME)";
				SWIFT_VERSION = 4.2;
				TARGETED_DEVICE_FAMILY = "1,2";
			};
			name = Debug;
		};
		F5A337442227C6E0006CBCAE /* Release */ = {
			isa = XCBuildConfiguration;
			buildSettings = {
				ASSETCATALOG_COMPILER_APPICON_NAME = AppIcon;
				CODE_SIGN_STYLE = Automatic;
				DEVELOPMENT_TEAM = 8XD96ZUA34;
				INFOPLIST_FILE = GetContact/Info.plist;
				LD_RUNPATH_SEARCH_PATHS = (
					"$(inherited)",
					"@executable_path/Frameworks",
				);
				PRODUCT_BUNDLE_IDENTIFIER = "nusmailov-gmail.com.GetContact";
				PRODUCT_NAME = "$(TARGET_NAME)";
				SWIFT_VERSION = 4.2;
				TARGETED_DEVICE_FAMILY = "1,2";
			};
			name = Release;
		};
/* End XCBuildConfiguration section */

/* Begin XCConfigurationList section */
		F5A3372B2227C6DD006CBCAE /* Build configuration list for PBXProject "GetContact" */ = {
			isa = XCConfigurationList;
			buildConfigurations = (
				F5A337402227C6E0006CBCAE /* Debug */,
				F5A337412227C6E0006CBCAE /* Release */,
			);
			defaultConfigurationIsVisible = 0;
			defaultConfigurationName = Release;
		};
		F5A337422227C6E0006CBCAE /* Build configuration list for PBXNativeTarget "GetContact" */ = {
			isa = XCConfigurationList;
			buildConfigurations = (
				F5A337432227C6E0006CBCAE /* Debug */,
				F5A337442227C6E0006CBCAE /* Release */,
			);
			defaultConfigurationIsVisible = 0;
			defaultConfigurationName = Release;
		};
/* End XCConfigurationList section */
	};
	rootObject = F5A337282227C6DD006CBCAE /* Project object */;
}
